PODS:
  - VZFlexLayout (0.3.4)

DEPENDENCIES:
  - VZFlexLayout (~> 0.3.4)

SPEC REPOS:
  https://github.com/cocoapods/specs.git:
    - VZFlexLayout

SPEC CHECKSUMS:
  VZFlexLayout: 16606c7d0ca00676ca473964f312f55e520eeca8

PODFILE CHECKSUM: ba02811aab8e7d1dc8a64dcef9e33253504232ff

COCOAPODS: 1.5.3
