PODS:
  - CocoaAsyncSocket (7.6.0)
  - CocoaHTTPServer (2.3):
    - CocoaAsyncSocket
    - CocoaLumberjack
  - CocoaLumberjack (3.1.0):
    - CocoaLumberjack/Default (= 3.1.0)
    - CocoaLumberjack/Extensions (= 3.1.0)
  - CocoaLumberjack/Default (3.1.0)
  - CocoaLumberjack/Extensions (3.1.0):
    - CocoaLumberjack/Default
  - DACircularProgress (2.3.1)
  - IDMPhotoBrowser (1.11.1):
    - DACircularProgress
    - pop
    - SDWebImage (= 4.0.0)
  - JSPatch (1.1.3):
    - JSPatch/Core (= 1.1.3)
  - JSPatch/Core (1.1.3)
  - MIST (0.0.3):
    - VZFlexLayout
  - MISTDebug (0.2.0):
    - CocoaAsyncSocket
    - CocoaHTTPServer
    - Tweaks
  - pop (1.0.9)
  - SDWebImage (4.0.0):
    - SDWebImage/Core (= 4.0.0)
  - SDWebImage/Core (4.0.0)
  - Tweaks (2.0.0)
  - VZFlexLayout (0.2.4)

DEPENDENCIES:
  - IDMPhotoBrowser
  - JSPatch
  - MIST (from `../`)
  - MISTDebug
  - SDWebImage

EXTERNAL SOURCES:
  MIST:
    :path: "../"

SPEC CHECKSUMS:
  CocoaAsyncSocket: b9d5589f07baf9de8f34cc25abd4fcba28f13805
  CocoaHTTPServer: 5624681fc3473d43b18202f635f9b3abb013b530
  CocoaLumberjack: 8311463ddf9ee86a06ef92a071dd656c89244500
  DACircularProgress: 4dd437c0fc3da5161cb289e07ac449493d41db71
  IDMPhotoBrowser: 14505b91019a96e36479606cb582f864446dae01
  JSPatch: 02cfed591cb907bbfe80a346666e5a35fc2d349d
  MIST: 0656509ccc56a113e0d23253994a60c9e17d0d65
  MISTDebug: 9388ef8aaadb3436f3201556321adacf303e1736
  pop: f667631a5108a2e60d9e8797c9b32ddaf2080bce
  SDWebImage: 76a6348bdc74eb5a55dd08a091ef298e56b55e41
  Tweaks: 524fa47636cce3bf3a4d9156e980f10ae9480e81
  VZFlexLayout: 2929361eb930818621abf282d88cd29c59b67908

PODFILE CHECKSUM: 1f652b7045ffe9dcf386de3c8ef354a4f70b0b7d

COCOAPODS: 1.2.1
