PODS:
  - MIST (0.0.2):
    - VZFlexLayout
  - VZFlexLayout (0.2.4)

DEPENDENCIES:
  - MIST (= 0.0.2)

SPEC CHECKSUMS:
  MIST: 9e917a317c8ff7d52724044951382dc522d7b8e5
  VZFlexLayout: 2929361eb930818621abf282d88cd29c59b67908

PODFILE CHECKSUM: a3a203849994f7e82d3e57f767f9e00195c872f4

COCOAPODS: 1.2.1
