// !$*UTF8*$!
{
	archiveVersion = 1;
	classes = {
	};
	objectVersion = 46;
	objects = {

/* Begin PBXBuildFile section */
		455F94AA1EA63CC70050EFFE /* main.m in Sources */ = {isa = PBXBuildFile; fileRef = 455F94A91EA63CC70050EFFE /* main.m */; };
		455F94B31EA63CC70050EFFE /* Main.storyboard in Resources */ = {isa = PBXBuildFile; fileRef = 455F94B11EA63CC70050EFFE /* Main.storyboard */; };
		455F94B51EA63CC70050EFFE /* Assets.xcassets in Resources */ = {isa = PBXBuildFile; fileRef = 455F94B41EA63CC70050EFFE /* Assets.xcassets */; };
		455F94B81EA63CC70050EFFE /* LaunchScreen.storyboard in Resources */ = {isa = PBXBuildFile; fileRef = 455F94B61EA63CC70050EFFE /* LaunchScreen.storyboard */; };
		AEAC3D45DB0D7F3CDBD32272 /* libPods-MIST-Demo.a in Frameworks */ = {isa = PBXBuildFile; fileRef = FEABC4C3376B6EEEBF738E8B /* libPods-MIST-Demo.a */; };
		B193131E1EA9A63D0035331C /* MistDemoImageView.mm in Sources */ = {isa = PBXBuildFile; fileRef = B19312DA1EA9A63D0035331C /* MistDemoImageView.mm */; };
		B193131F1EA9A63D0035331C /* MistDemoTemplateManager.mm in Sources */ = {isa = PBXBuildFile; fileRef = B19312DC1EA9A63D0035331C /* MistDemoTemplateManager.mm */; };
		B19313201EA9A63D0035331C /* MistJSDemoViewController.m in Sources */ = {isa = PBXBuildFile; fileRef = B19312DF1EA9A63D0035331C /* MistJSDemoViewController.m */; };
		B19313211EA9A63D0035331C /* MistDemoIndexViewController.mm in Sources */ = {isa = PBXBuildFile; fileRef = B19312E11EA9A63D0035331C /* MistDemoIndexViewController.mm */; };
		B19313221EA9A63D0035331C /* MistDemoListViewController.mm in Sources */ = {isa = PBXBuildFile; fileRef = B19312E31EA9A63D0035331C /* MistDemoListViewController.mm */; };
		B19313231EA9A63D0035331C /* mist.bundle in Resources */ = {isa = PBXBuildFile; fileRef = B19312E51EA9A63D0035331C /* mist.bundle */; };
		B19313241EA9A63D0035331C /* wb.bundle in Resources */ = {isa = PBXBuildFile; fileRef = B19312E71EA9A63D0035331C /* wb.bundle */; };
		B19313251EA9A63D0035331C /* WBTimelineListViewController.m in Sources */ = {isa = PBXBuildFile; fileRef = B19312E91EA9A63D0035331C /* WBTimelineListViewController.m */; };
		B19313261EA9A63D0035331C /* WBTimelineTemplateController.m in Sources */ = {isa = PBXBuildFile; fileRef = B19312EB1EA9A63D0035331C /* WBTimelineTemplateController.m */; };
		B19313271EA9A63D0035331C /* CustomButton.m in Sources */ = {isa = PBXBuildFile; fileRef = B19312EF1EA9A63D0035331C /* CustomButton.m */; };
		B19313281EA9A63D0035331C /* MistCustomNodeDemoViewController.mm in Sources */ = {isa = PBXBuildFile; fileRef = B19312F11EA9A63D0035331C /* MistCustomNodeDemoViewController.mm */; };
		B19313291EA9A63D0035331C /* MistIndicatorTemplateController.m in Sources */ = {isa = PBXBuildFile; fileRef = B19312F41EA9A63D0035331C /* MistIndicatorTemplateController.m */; };
		B193132A1EA9A63D0035331C /* MistMapDemoController.m in Sources */ = {isa = PBXBuildFile; fileRef = B19312F71EA9A63D0035331C /* MistMapDemoController.m */; };
		B193132B1EA9A63D0035331C /* MistSimpleTemplateViewController.mm in Sources */ = {isa = PBXBuildFile; fileRef = B19312F91EA9A63D0035331C /* MistSimpleTemplateViewController.mm */; };
		B193132C1EA9A63D0035331C /* MistPickerDemoController.m in Sources */ = {isa = PBXBuildFile; fileRef = B19312FC1EA9A63D0035331C /* MistPickerDemoController.m */; };
		B193132D1EA9A63D0035331C /* MistScrollTemplateController.m in Sources */ = {isa = PBXBuildFile; fileRef = B19312FF1EA9A63D0035331C /* MistScrollTemplateController.m */; };
		B193132E1EA9A63D0035331C /* MistSegmentedControlDemoController.m in Sources */ = {isa = PBXBuildFile; fileRef = B19313021EA9A63D0035331C /* MistSegmentedControlDemoController.m */; };
		B193132F1EA9A63D0035331C /* MistSwitchDemoController.m in Sources */ = {isa = PBXBuildFile; fileRef = B19313051EA9A63D0035331C /* MistSwitchDemoController.m */; };
		B19313301EA9A63D0035331C /* MistTextFieldDemoController.m in Sources */ = {isa = PBXBuildFile; fileRef = B19313081EA9A63D0035331C /* MistTextFieldDemoController.m */; };
		B19313311EA9A63D0035331C /* MistTextFieldDemoViewController.m in Sources */ = {isa = PBXBuildFile; fileRef = B193130A1EA9A63D0035331C /* MistTextFieldDemoViewController.m */; };
		B19313321EA9A63D0035331C /* MistTextViewDemoController.m in Sources */ = {isa = PBXBuildFile; fileRef = B193130D1EA9A63D0035331C /* MistTextViewDemoController.m */; };
		B19313331EA9A63D0035331C /* MistTextViewDemoViewController.m in Sources */ = {isa = PBXBuildFile; fileRef = B193130F1EA9A63D0035331C /* MistTextViewDemoViewController.m */; };
		B19313341EA9A63D0035331C /* MistWebViewDemoController.m in Sources */ = {isa = PBXBuildFile; fileRef = B19313121EA9A63D0035331C /* MistWebViewDemoController.m */; };
		B19313351EA9A63D0035331C /* MistExpressionDemoController.m in Sources */ = {isa = PBXBuildFile; fileRef = B19313151EA9A63D0035331C /* MistExpressionDemoController.m */; };
		B19313391EA9A63D0035331C /* AppDelegate.mm in Sources */ = {isa = PBXBuildFile; fileRef = B193131C1EA9A63D0035331C /* AppDelegate.mm */; };
/* End PBXBuildFile section */

/* Begin PBXFileReference section */
		455F94A51EA63CC70050EFFE /* MIST-Demo.app */ = {isa = PBXFileReference; explicitFileType = wrapper.application; includeInIndex = 0; path = "MIST-Demo.app"; sourceTree = BUILT_PRODUCTS_DIR; };
		455F94A91EA63CC70050EFFE /* main.m */ = {isa = PBXFileReference; lastKnownFileType = sourcecode.c.objc; path = main.m; sourceTree = "<group>"; };
		455F94AB1EA63CC70050EFFE /* AppDelegate.h */ = {isa = PBXFileReference; lastKnownFileType = sourcecode.c.h; path = AppDelegate.h; sourceTree = "<group>"; };
		455F94B21EA63CC70050EFFE /* Base */ = {isa = PBXFileReference; lastKnownFileType = file.storyboard; name = Base; path = Base.lproj/Main.storyboard; sourceTree = "<group>"; };
		455F94B41EA63CC70050EFFE /* Assets.xcassets */ = {isa = PBXFileReference; lastKnownFileType = folder.assetcatalog; path = Assets.xcassets; sourceTree = "<group>"; };
		455F94B71EA63CC70050EFFE /* Base */ = {isa = PBXFileReference; lastKnownFileType = file.storyboard; name = Base; path = Base.lproj/LaunchScreen.storyboard; sourceTree = "<group>"; };
		455F94B91EA63CC70050EFFE /* Info.plist */ = {isa = PBXFileReference; lastKnownFileType = text.plist.xml; path = Info.plist; sourceTree = "<group>"; };
		8077F1AE59CBBE2DD266CBD9 /* Pods-MIST-Demo.debug.xcconfig */ = {isa = PBXFileReference; includeInIndex = 1; lastKnownFileType = text.xcconfig; name = "Pods-MIST-Demo.debug.xcconfig"; path = "Pods/Target Support Files/Pods-MIST-Demo/Pods-MIST-Demo.debug.xcconfig"; sourceTree = "<group>"; };
		B0B27EEA8EB467CC9F77B927 /* Pods-MIST-Demo.release.xcconfig */ = {isa = PBXFileReference; includeInIndex = 1; lastKnownFileType = text.xcconfig; name = "Pods-MIST-Demo.release.xcconfig"; path = "Pods/Target Support Files/Pods-MIST-Demo/Pods-MIST-Demo.release.xcconfig"; sourceTree = "<group>"; };
		B19312D91EA9A63D0035331C /* MistDemoImageView.h */ = {isa = PBXFileReference; fileEncoding = 4; lastKnownFileType = sourcecode.c.h; path = MistDemoImageView.h; sourceTree = "<group>"; };
		B19312DA1EA9A63D0035331C /* MistDemoImageView.mm */ = {isa = PBXFileReference; fileEncoding = 4; lastKnownFileType = sourcecode.cpp.objcpp; path = MistDemoImageView.mm; sourceTree = "<group>"; };
		B19312DB1EA9A63D0035331C /* MistDemoTemplateManager.h */ = {isa = PBXFileReference; fileEncoding = 4; lastKnownFileType = sourcecode.c.h; path = MistDemoTemplateManager.h; sourceTree = "<group>"; };
		B19312DC1EA9A63D0035331C /* MistDemoTemplateManager.mm */ = {isa = PBXFileReference; fileEncoding = 4; lastKnownFileType = sourcecode.cpp.objcpp; path = MistDemoTemplateManager.mm; sourceTree = "<group>"; };
		B19312DE1EA9A63D0035331C /* MistJSDemoViewController.h */ = {isa = PBXFileReference; fileEncoding = 4; lastKnownFileType = sourcecode.c.h; path = MistJSDemoViewController.h; sourceTree = "<group>"; };
		B19312DF1EA9A63D0035331C /* MistJSDemoViewController.m */ = {isa = PBXFileReference; fileEncoding = 4; lastKnownFileType = sourcecode.c.objc; path = MistJSDemoViewController.m; sourceTree = "<group>"; };
		B19312E01EA9A63D0035331C /* MistDemoIndexViewController.h */ = {isa = PBXFileReference; fileEncoding = 4; lastKnownFileType = sourcecode.c.h; path = MistDemoIndexViewController.h; sourceTree = "<group>"; };
		B19312E11EA9A63D0035331C /* MistDemoIndexViewController.mm */ = {isa = PBXFileReference; fileEncoding = 4; lastKnownFileType = sourcecode.cpp.objcpp; path = MistDemoIndexViewController.mm; sourceTree = "<group>"; };
		B19312E21EA9A63D0035331C /* MistDemoListViewController.h */ = {isa = PBXFileReference; fileEncoding = 4; lastKnownFileType = sourcecode.c.h; path = MistDemoListViewController.h; sourceTree = "<group>"; };
		B19312E31EA9A63D0035331C /* MistDemoListViewController.mm */ = {isa = PBXFileReference; fileEncoding = 4; lastKnownFileType = sourcecode.cpp.objcpp; path = MistDemoListViewController.mm; sourceTree = "<group>"; };
		B19312E51EA9A63D0035331C /* mist.bundle */ = {isa = PBXFileReference; lastKnownFileType = "wrapper.plug-in"; path = mist.bundle; sourceTree = "<group>"; };
		B19312E71EA9A63D0035331C /* wb.bundle */ = {isa = PBXFileReference; lastKnownFileType = "wrapper.plug-in"; path = wb.bundle; sourceTree = "<group>"; };
		B19312E81EA9A63D0035331C /* WBTimelineListViewController.h */ = {isa = PBXFileReference; fileEncoding = 4; lastKnownFileType = sourcecode.c.h; path = WBTimelineListViewController.h; sourceTree = "<group>"; };
		B19312E91EA9A63D0035331C /* WBTimelineListViewController.m */ = {isa = PBXFileReference; fileEncoding = 4; lastKnownFileType = sourcecode.c.objc; path = WBTimelineListViewController.m; sourceTree = "<group>"; };
		B19312EA1EA9A63D0035331C /* WBTimelineTemplateController.h */ = {isa = PBXFileReference; fileEncoding = 4; lastKnownFileType = sourcecode.c.h; path = WBTimelineTemplateController.h; sourceTree = "<group>"; };
		B19312EB1EA9A63D0035331C /* WBTimelineTemplateController.m */ = {isa = PBXFileReference; fileEncoding = 4; lastKnownFileType = sourcecode.c.objc; path = WBTimelineTemplateController.m; sourceTree = "<group>"; };
		B19312EE1EA9A63D0035331C /* CustomButton.h */ = {isa = PBXFileReference; fileEncoding = 4; lastKnownFileType = sourcecode.c.h; path = CustomButton.h; sourceTree = "<group>"; };
		B19312EF1EA9A63D0035331C /* CustomButton.m */ = {isa = PBXFileReference; fileEncoding = 4; lastKnownFileType = sourcecode.c.objc; path = CustomButton.m; sourceTree = "<group>"; };
		B19312F01EA9A63D0035331C /* MistCustomNodeDemoViewController.h */ = {isa = PBXFileReference; fileEncoding = 4; lastKnownFileType = sourcecode.c.h; path = MistCustomNodeDemoViewController.h; sourceTree = "<group>"; };
		B19312F11EA9A63D0035331C /* MistCustomNodeDemoViewController.mm */ = {isa = PBXFileReference; fileEncoding = 4; lastKnownFileType = sourcecode.cpp.objcpp; path = MistCustomNodeDemoViewController.mm; sourceTree = "<group>"; };
		B19312F31EA9A63D0035331C /* MistIndicatorTemplateController.h */ = {isa = PBXFileReference; fileEncoding = 4; lastKnownFileType = sourcecode.c.h; path = MistIndicatorTemplateController.h; sourceTree = "<group>"; };
		B19312F41EA9A63D0035331C /* MistIndicatorTemplateController.m */ = {isa = PBXFileReference; fileEncoding = 4; lastKnownFileType = sourcecode.c.objc; path = MistIndicatorTemplateController.m; sourceTree = "<group>"; };
		B19312F61EA9A63D0035331C /* MistMapDemoController.h */ = {isa = PBXFileReference; fileEncoding = 4; lastKnownFileType = sourcecode.c.h; path = MistMapDemoController.h; sourceTree = "<group>"; };
		B19312F71EA9A63D0035331C /* MistMapDemoController.m */ = {isa = PBXFileReference; fileEncoding = 4; lastKnownFileType = sourcecode.c.objc; path = MistMapDemoController.m; sourceTree = "<group>"; };
		B19312F81EA9A63D0035331C /* MistSimpleTemplateViewController.h */ = {isa = PBXFileReference; fileEncoding = 4; lastKnownFileType = sourcecode.c.h; path = MistSimpleTemplateViewController.h; sourceTree = "<group>"; };
		B19312F91EA9A63D0035331C /* MistSimpleTemplateViewController.mm */ = {isa = PBXFileReference; fileEncoding = 4; lastKnownFileType = sourcecode.cpp.objcpp; path = MistSimpleTemplateViewController.mm; sourceTree = "<group>"; };
		B19312FB1EA9A63D0035331C /* MistPickerDemoController.h */ = {isa = PBXFileReference; fileEncoding = 4; lastKnownFileType = sourcecode.c.h; path = MistPickerDemoController.h; sourceTree = "<group>"; };
		B19312FC1EA9A63D0035331C /* MistPickerDemoController.m */ = {isa = PBXFileReference; fileEncoding = 4; lastKnownFileType = sourcecode.c.objc; path = MistPickerDemoController.m; sourceTree = "<group>"; };
		B19312FE1EA9A63D0035331C /* MistScrollTemplateController.h */ = {isa = PBXFileReference; fileEncoding = 4; lastKnownFileType = sourcecode.c.h; path = MistScrollTemplateController.h; sourceTree = "<group>"; };
		B19312FF1EA9A63D0035331C /* MistScrollTemplateController.m */ = {isa = PBXFileReference; fileEncoding = 4; lastKnownFileType = sourcecode.c.objc; path = MistScrollTemplateController.m; sourceTree = "<group>"; };
		B19313011EA9A63D0035331C /* MistSegmentedControlDemoController.h */ = {isa = PBXFileReference; fileEncoding = 4; lastKnownFileType = sourcecode.c.h; path = MistSegmentedControlDemoController.h; sourceTree = "<group>"; };
		B19313021EA9A63D0035331C /* MistSegmentedControlDemoController.m */ = {isa = PBXFileReference; fileEncoding = 4; lastKnownFileType = sourcecode.c.objc; path = MistSegmentedControlDemoController.m; sourceTree = "<group>"; };
		B19313041EA9A63D0035331C /* MistSwitchDemoController.h */ = {isa = PBXFileReference; fileEncoding = 4; lastKnownFileType = sourcecode.c.h; path = MistSwitchDemoController.h; sourceTree = "<group>"; };
		B19313051EA9A63D0035331C /* MistSwitchDemoController.m */ = {isa = PBXFileReference; fileEncoding = 4; lastKnownFileType = sourcecode.c.objc; path = MistSwitchDemoController.m; sourceTree = "<group>"; };
		B19313071EA9A63D0035331C /* MistTextFieldDemoController.h */ = {isa = PBXFileReference; fileEncoding = 4; lastKnownFileType = sourcecode.c.h; path = MistTextFieldDemoController.h; sourceTree = "<group>"; };
		B19313081EA9A63D0035331C /* MistTextFieldDemoController.m */ = {isa = PBXFileReference; fileEncoding = 4; lastKnownFileType = sourcecode.c.objc; path = MistTextFieldDemoController.m; sourceTree = "<group>"; };
		B19313091EA9A63D0035331C /* MistTextFieldDemoViewController.h */ = {isa = PBXFileReference; fileEncoding = 4; lastKnownFileType = sourcecode.c.h; path = MistTextFieldDemoViewController.h; sourceTree = "<group>"; };
		B193130A1EA9A63D0035331C /* MistTextFieldDemoViewController.m */ = {isa = PBXFileReference; fileEncoding = 4; lastKnownFileType = sourcecode.c.objc; path = MistTextFieldDemoViewController.m; sourceTree = "<group>"; };
		B193130C1EA9A63D0035331C /* MistTextViewDemoController.h */ = {isa = PBXFileReference; fileEncoding = 4; lastKnownFileType = sourcecode.c.h; path = MistTextViewDemoController.h; sourceTree = "<group>"; };
		B193130D1EA9A63D0035331C /* MistTextViewDemoController.m */ = {isa = PBXFileReference; fileEncoding = 4; lastKnownFileType = sourcecode.c.objc; path = MistTextViewDemoController.m; sourceTree = "<group>"; };
		B193130E1EA9A63D0035331C /* MistTextViewDemoViewController.h */ = {isa = PBXFileReference; fileEncoding = 4; lastKnownFileType = sourcecode.c.h; path = MistTextViewDemoViewController.h; sourceTree = "<group>"; };
		B193130F1EA9A63D0035331C /* MistTextViewDemoViewController.m */ = {isa = PBXFileReference; fileEncoding = 4; lastKnownFileType = sourcecode.c.objc; path = MistTextViewDemoViewController.m; sourceTree = "<group>"; };
		B19313111EA9A63D0035331C /* MistWebViewDemoController.h */ = {isa = PBXFileReference; fileEncoding = 4; lastKnownFileType = sourcecode.c.h; path = MistWebViewDemoController.h; sourceTree = "<group>"; };
		B19313121EA9A63D0035331C /* MistWebViewDemoController.m */ = {isa = PBXFileReference; fileEncoding = 4; lastKnownFileType = sourcecode.c.objc; path = MistWebViewDemoController.m; sourceTree = "<group>"; };
		B19313141EA9A63D0035331C /* MistExpressionDemoController.h */ = {isa = PBXFileReference; fileEncoding = 4; lastKnownFileType = sourcecode.c.h; path = MistExpressionDemoController.h; sourceTree = "<group>"; };
		B19313151EA9A63D0035331C /* MistExpressionDemoController.m */ = {isa = PBXFileReference; fileEncoding = 4; lastKnownFileType = sourcecode.c.objc; path = MistExpressionDemoController.m; sourceTree = "<group>"; };
		B193131C1EA9A63D0035331C /* AppDelegate.mm */ = {isa = PBXFileReference; fileEncoding = 4; lastKnownFileType = sourcecode.cpp.objcpp; path = AppDelegate.mm; sourceTree = "<group>"; };
		FEABC4C3376B6EEEBF738E8B /* libPods-MIST-Demo.a */ = {isa = PBXFileReference; explicitFileType = archive.ar; includeInIndex = 0; path = "libPods-MIST-Demo.a"; sourceTree = BUILT_PRODUCTS_DIR; };
/* End PBXFileReference section */

/* Begin PBXFrameworksBuildPhase section */
		455F94A21EA63CC70050EFFE /* Frameworks */ = {
			isa = PBXFrameworksBuildPhase;
			buildActionMask = 2147483647;
			files = (
				AEAC3D45DB0D7F3CDBD32272 /* libPods-MIST-Demo.a in Frameworks */,
			);
			runOnlyForDeploymentPostprocessing = 0;
		};
/* End PBXFrameworksBuildPhase section */

/* Begin PBXGroup section */
		455F949C1EA63CC70050EFFE = {
			isa = PBXGroup;
			children = (
				455F94A71EA63CC70050EFFE /* MIST-Demo */,
				455F94A61EA63CC70050EFFE /* Products */,
				79E1EF714B52FA5D977EF24C /* Pods */,
				7BA76CBBA5709791B533BA37 /* Frameworks */,
			);
			sourceTree = "<group>";
		};
		455F94A61EA63CC70050EFFE /* Products */ = {
			isa = PBXGroup;
			children = (
				455F94A51EA63CC70050EFFE /* MIST-Demo.app */,
			);
			name = Products;
			sourceTree = "<group>";
		};
		455F94A71EA63CC70050EFFE /* MIST-Demo */ = {
			isa = PBXGroup;
			children = (
				B19312D61EA9A63D0035331C /* Adapter */,
				B19312EC1EA9A63D0035331C /* Components */,
				B19313131EA9A63D0035331C /* Expression */,
				B19312DD1EA9A63D0035331C /* JS */,
				B19312E01EA9A63D0035331C /* MistDemoIndexViewController.h */,
				B19312E11EA9A63D0035331C /* MistDemoIndexViewController.mm */,
				B19312E21EA9A63D0035331C /* MistDemoListViewController.h */,
				B19312E31EA9A63D0035331C /* MistDemoListViewController.mm */,
				B19312E41EA9A63D0035331C /* resource */,
				B19312E61EA9A63D0035331C /* Weibo */,
				455F94AB1EA63CC70050EFFE /* AppDelegate.h */,
				B193131C1EA9A63D0035331C /* AppDelegate.mm */,
				455F94B11EA63CC70050EFFE /* Main.storyboard */,
				455F94B41EA63CC70050EFFE /* Assets.xcassets */,
				455F94B61EA63CC70050EFFE /* LaunchScreen.storyboard */,
				455F94B91EA63CC70050EFFE /* Info.plist */,
				455F94A81EA63CC70050EFFE /* Supporting Files */,
			);
			path = "MIST-Demo";
			sourceTree = "<group>";
		};
		455F94A81EA63CC70050EFFE /* Supporting Files */ = {
			isa = PBXGroup;
			children = (
				455F94A91EA63CC70050EFFE /* main.m */,
			);
			name = "Supporting Files";
			sourceTree = "<group>";
		};
		79E1EF714B52FA5D977EF24C /* Pods */ = {
			isa = PBXGroup;
			children = (
				8077F1AE59CBBE2DD266CBD9 /* Pods-MIST-Demo.debug.xcconfig */,
				B0B27EEA8EB467CC9F77B927 /* Pods-MIST-Demo.release.xcconfig */,
			);
			name = Pods;
			sourceTree = "<group>";
		};
		7BA76CBBA5709791B533BA37 /* Frameworks */ = {
			isa = PBXGroup;
			children = (
				FEABC4C3376B6EEEBF738E8B /* libPods-MIST-Demo.a */,
			);
			name = Frameworks;
			sourceTree = "<group>";
		};
		B19312D61EA9A63D0035331C /* Adapter */ = {
			isa = PBXGroup;
			children = (
				B19312D91EA9A63D0035331C /* MistDemoImageView.h */,
				B19312DA1EA9A63D0035331C /* MistDemoImageView.mm */,
				B19312DB1EA9A63D0035331C /* MistDemoTemplateManager.h */,
				B19312DC1EA9A63D0035331C /* MistDemoTemplateManager.mm */,
			);
			path = Adapter;
			sourceTree = "<group>";
		};
		B19312DD1EA9A63D0035331C /* JS */ = {
			isa = PBXGroup;
			children = (
				B19312DE1EA9A63D0035331C /* MistJSDemoViewController.h */,
				B19312DF1EA9A63D0035331C /* MistJSDemoViewController.m */,
			);
			path = JS;
			sourceTree = "<group>";
		};
		B19312E41EA9A63D0035331C /* resource */ = {
			isa = PBXGroup;
			children = (
				B19312E51EA9A63D0035331C /* mist.bundle */,
			);
			path = resource;
			sourceTree = "<group>";
		};
		B19312E61EA9A63D0035331C /* Weibo */ = {
			isa = PBXGroup;
			children = (
				B19312E71EA9A63D0035331C /* wb.bundle */,
				B19312E81EA9A63D0035331C /* WBTimelineListViewController.h */,
				B19312E91EA9A63D0035331C /* WBTimelineListViewController.m */,
				B19312EA1EA9A63D0035331C /* WBTimelineTemplateController.h */,
				B19312EB1EA9A63D0035331C /* WBTimelineTemplateController.m */,
			);
			path = Weibo;
			sourceTree = "<group>";
		};
		B19312EC1EA9A63D0035331C /* Components */ = {
			isa = PBXGroup;
			children = (
				B19312ED1EA9A63D0035331C /* CustomNode */,
				B19312F21EA9A63D0035331C /* Indicator */,
				B19312F51EA9A63D0035331C /* Map */,
				B19312F81EA9A63D0035331C /* MistSimpleTemplateViewController.h */,
				B19312F91EA9A63D0035331C /* MistSimpleTemplateViewController.mm */,
				B19312FA1EA9A63D0035331C /* Picker */,
				B19312FD1EA9A63D0035331C /* Scroll */,
				B19313001EA9A63D0035331C /* SegmentedControl */,
				B19313031EA9A63D0035331C /* Switch */,
				B19313061EA9A63D0035331C /* TextField */,
				B193130B1EA9A63D0035331C /* TextView */,
				B19313101EA9A63D0035331C /* WebView */,
			);
			path = Components;
			sourceTree = "<group>";
		};
		B19312ED1EA9A63D0035331C /* CustomNode */ = {
			isa = PBXGroup;
			children = (
				B19312EE1EA9A63D0035331C /* CustomButton.h */,
				B19312EF1EA9A63D0035331C /* CustomButton.m */,
				B19312F01EA9A63D0035331C /* MistCustomNodeDemoViewController.h */,
				B19312F11EA9A63D0035331C /* MistCustomNodeDemoViewController.mm */,
			);
			path = CustomNode;
			sourceTree = "<group>";
		};
		B19312F21EA9A63D0035331C /* Indicator */ = {
			isa = PBXGroup;
			children = (
				B19312F31EA9A63D0035331C /* MistIndicatorTemplateController.h */,
				B19312F41EA9A63D0035331C /* MistIndicatorTemplateController.m */,
			);
			path = Indicator;
			sourceTree = "<group>";
		};
		B19312F51EA9A63D0035331C /* Map */ = {
			isa = PBXGroup;
			children = (
				B19312F61EA9A63D0035331C /* MistMapDemoController.h */,
				B19312F71EA9A63D0035331C /* MistMapDemoController.m */,
			);
			path = Map;
			sourceTree = "<group>";
		};
		B19312FA1EA9A63D0035331C /* Picker */ = {
			isa = PBXGroup;
			children = (
				B19312FB1EA9A63D0035331C /* MistPickerDemoController.h */,
				B19312FC1EA9A63D0035331C /* MistPickerDemoController.m */,
			);
			path = Picker;
			sourceTree = "<group>";
		};
		B19312FD1EA9A63D0035331C /* Scroll */ = {
			isa = PBXGroup;
			children = (
				B19312FE1EA9A63D0035331C /* MistScrollTemplateController.h */,
				B19312FF1EA9A63D0035331C /* MistScrollTemplateController.m */,
			);
			path = Scroll;
			sourceTree = "<group>";
		};
		B19313001EA9A63D0035331C /* SegmentedControl */ = {
			isa = PBXGroup;
			children = (
				B19313011EA9A63D0035331C /* MistSegmentedControlDemoController.h */,
				B19313021EA9A63D0035331C /* MistSegmentedControlDemoController.m */,
			);
			path = SegmentedControl;
			sourceTree = "<group>";
		};
		B19313031EA9A63D0035331C /* Switch */ = {
			isa = PBXGroup;
			children = (
				B19313041EA9A63D0035331C /* MistSwitchDemoController.h */,
				B19313051EA9A63D0035331C /* MistSwitchDemoController.m */,
			);
			path = Switch;
			sourceTree = "<group>";
		};
		B19313061EA9A63D0035331C /* TextField */ = {
			isa = PBXGroup;
			children = (
				B19313071EA9A63D0035331C /* MistTextFieldDemoController.h */,
				B19313081EA9A63D0035331C /* MistTextFieldDemoController.m */,
				B19313091EA9A63D0035331C /* MistTextFieldDemoViewController.h */,
				B193130A1EA9A63D0035331C /* MistTextFieldDemoViewController.m */,
			);
			path = TextField;
			sourceTree = "<group>";
		};
		B193130B1EA9A63D0035331C /* TextView */ = {
			isa = PBXGroup;
			children = (
				B193130C1EA9A63D0035331C /* MistTextViewDemoController.h */,
				B193130D1EA9A63D0035331C /* MistTextViewDemoController.m */,
				B193130E1EA9A63D0035331C /* MistTextViewDemoViewController.h */,
				B193130F1EA9A63D0035331C /* MistTextViewDemoViewController.m */,
			);
			path = TextView;
			sourceTree = "<group>";
		};
		B19313101EA9A63D0035331C /* WebView */ = {
			isa = PBXGroup;
			children = (
				B19313111EA9A63D0035331C /* MistWebViewDemoController.h */,
				B19313121EA9A63D0035331C /* MistWebViewDemoController.m */,
			);
			path = WebView;
			sourceTree = "<group>";
		};
		B19313131EA9A63D0035331C /* Expression */ = {
			isa = PBXGroup;
			children = (
				B19313141EA9A63D0035331C /* MistExpressionDemoController.h */,
				B19313151EA9A63D0035331C /* MistExpressionDemoController.m */,
			);
			path = Expression;
			sourceTree = "<group>";
		};
/* End PBXGroup section */

/* Begin PBXNativeTarget section */
		455F94A41EA63CC70050EFFE /* MIST-Demo */ = {
			isa = PBXNativeTarget;
			buildConfigurationList = 455F94BC1EA63CC70050EFFE /* Build configuration list for PBXNativeTarget "MIST-Demo" */;
			buildPhases = (
				7E82C816958967514652458D /* [CP] Check Pods Manifest.lock */,
				455F94A11EA63CC70050EFFE /* Sources */,
				455F94A21EA63CC70050EFFE /* Frameworks */,
				455F94A31EA63CC70050EFFE /* Resources */,
				CF93DB04D7F19FC734C49EFE /* [CP] Embed Pods Frameworks */,
				6FDC67CF6981A4E5B284284F /* [CP] Copy Pods Resources */,
			);
			buildRules = (
			);
			dependencies = (
			);
			name = "MIST-Demo";
			productName = "MIST-Demo";
			productReference = 455F94A51EA63CC70050EFFE /* MIST-Demo.app */;
			productType = "com.apple.product-type.application";
		};
/* End PBXNativeTarget section */

/* Begin PBXProject section */
		455F949D1EA63CC70050EFFE /* Project object */ = {
			isa = PBXProject;
			attributes = {
				LastUpgradeCheck = 0820;
				ORGANIZATIONNAME = Vizlab;
				TargetAttributes = {
					455F94A41EA63CC70050EFFE = {
						CreatedOnToolsVersion = 8.2.1;
						DevelopmentTeam = 8EZ24DBNN4;
						ProvisioningStyle = Automatic;
					};
				};
			};
			buildConfigurationList = 455F94A01EA63CC70050EFFE /* Build configuration list for PBXProject "MIST-Demo" */;
			compatibilityVersion = "Xcode 3.2";
			developmentRegion = English;
			hasScannedForEncodings = 0;
			knownRegions = (
				en,
				Base,
			);
			mainGroup = 455F949C1EA63CC70050EFFE;
			productRefGroup = 455F94A61EA63CC70050EFFE /* Products */;
			projectDirPath = "";
			projectRoot = "";
			targets = (
				455F94A41EA63CC70050EFFE /* MIST-Demo */,
			);
		};
/* End PBXProject section */

/* Begin PBXResourcesBuildPhase section */
		455F94A31EA63CC70050EFFE /* Resources */ = {
			isa = PBXResourcesBuildPhase;
			buildActionMask = 2147483647;
			files = (
				B19313231EA9A63D0035331C /* mist.bundle in Resources */,
				455F94B81EA63CC70050EFFE /* LaunchScreen.storyboard in Resources */,
				B19313241EA9A63D0035331C /* wb.bundle in Resources */,
				455F94B51EA63CC70050EFFE /* Assets.xcassets in Resources */,
				455F94B31EA63CC70050EFFE /* Main.storyboard in Resources */,
			);
			runOnlyForDeploymentPostprocessing = 0;
		};
/* End PBXResourcesBuildPhase section */

/* Begin PBXShellScriptBuildPhase section */
		6FDC67CF6981A4E5B284284F /* [CP] Copy Pods Resources */ = {
			isa = PBXShellScriptBuildPhase;
			buildActionMask = 2147483647;
			files = (
			);
			inputPaths = (
			);
			name = "[CP] Copy Pods Resources";
			outputPaths = (
			);
			runOnlyForDeploymentPostprocessing = 0;
			shellPath = /bin/sh;
			shellScript = "\"${SRCROOT}/Pods/Target Support Files/Pods-MIST-Demo/Pods-MIST-Demo-resources.sh\"\n";
			showEnvVarsInLog = 0;
		};
		7E82C816958967514652458D /* [CP] Check Pods Manifest.lock */ = {
			isa = PBXShellScriptBuildPhase;
			buildActionMask = 2147483647;
			files = (
			);
			inputPaths = (
			);
			name = "[CP] Check Pods Manifest.lock";
			outputPaths = (
			);
			runOnlyForDeploymentPostprocessing = 0;
			shellPath = /bin/sh;
			shellScript = "diff \"${PODS_PODFILE_DIR_PATH}/Podfile.lock\" \"${PODS_ROOT}/Manifest.lock\" > /dev/null\nif [ $? != 0 ] ; then\n    # print error to STDERR\n    echo \"error: The sandbox is not in sync with the Podfile.lock. Run 'pod install' or update your CocoaPods installation.\" >&2\n    exit 1\nfi\n";
			showEnvVarsInLog = 0;
		};
		CF93DB04D7F19FC734C49EFE /* [CP] Embed Pods Frameworks */ = {
			isa = PBXShellScriptBuildPhase;
			buildActionMask = 2147483647;
			files = (
			);
			inputPaths = (
			);
			name = "[CP] Embed Pods Frameworks";
			outputPaths = (
			);
			runOnlyForDeploymentPostprocessing = 0;
			shellPath = /bin/sh;
			shellScript = "\"${SRCROOT}/Pods/Target Support Files/Pods-MIST-Demo/Pods-MIST-Demo-frameworks.sh\"\n";
			showEnvVarsInLog = 0;
		};
/* End PBXShellScriptBuildPhase section */

/* Begin PBXSourcesBuildPhase section */
		455F94A11EA63CC70050EFFE /* Sources */ = {
			isa = PBXSourcesBuildPhase;
			buildActionMask = 2147483647;
			files = (
				B19313271EA9A63D0035331C /* CustomButton.m in Sources */,
				B193132E1EA9A63D0035331C /* MistSegmentedControlDemoController.m in Sources */,
				B193132A1EA9A63D0035331C /* MistMapDemoController.m in Sources */,
				B193132D1EA9A63D0035331C /* MistScrollTemplateController.m in Sources */,
				B19313321EA9A63D0035331C /* MistTextViewDemoController.m in Sources */,
				B19313221EA9A63D0035331C /* MistDemoListViewController.mm in Sources */,
				B193131E1EA9A63D0035331C /* MistDemoImageView.mm in Sources */,
				B19313261EA9A63D0035331C /* WBTimelineTemplateController.m in Sources */,
				B193132C1EA9A63D0035331C /* MistPickerDemoController.m in Sources */,
				455F94AA1EA63CC70050EFFE /* main.m in Sources */,
				B19313391EA9A63D0035331C /* AppDelegate.mm in Sources */,
				B19313341EA9A63D0035331C /* MistWebViewDemoController.m in Sources */,
				B19313311EA9A63D0035331C /* MistTextFieldDemoViewController.m in Sources */,
				B19313201EA9A63D0035331C /* MistJSDemoViewController.m in Sources */,
				B193131F1EA9A63D0035331C /* MistDemoTemplateManager.mm in Sources */,
				B19313331EA9A63D0035331C /* MistTextViewDemoViewController.m in Sources */,
				B193132B1EA9A63D0035331C /* MistSimpleTemplateViewController.mm in Sources */,
				B19313291EA9A63D0035331C /* MistIndicatorTemplateController.m in Sources */,
				B19313301EA9A63D0035331C /* MistTextFieldDemoController.m in Sources */,
				B19313251EA9A63D0035331C /* WBTimelineListViewController.m in Sources */,
				B193132F1EA9A63D0035331C /* MistSwitchDemoController.m in Sources */,
				B19313351EA9A63D0035331C /* MistExpressionDemoController.m in Sources */,
				B19313211EA9A63D0035331C /* MistDemoIndexViewController.mm in Sources */,
				B19313281EA9A63D0035331C /* MistCustomNodeDemoViewController.mm in Sources */,
			);
			runOnlyForDeploymentPostprocessing = 0;
		};
/* End PBXSourcesBuildPhase section */

/* Begin PBXVariantGroup section */
		455F94B11EA63CC70050EFFE /* Main.storyboard */ = {
			isa = PBXVariantGroup;
			children = (
				455F94B21EA63CC70050EFFE /* Base */,
			);
			name = Main.storyboard;
			sourceTree = "<group>";
		};
		455F94B61EA63CC70050EFFE /* LaunchScreen.storyboard */ = {
			isa = PBXVariantGroup;
			children = (
				455F94B71EA63CC70050EFFE /* Base */,
			);
			name = LaunchScreen.storyboard;
			sourceTree = "<group>";
		};
/* End PBXVariantGroup section */

/* Begin XCBuildConfiguration section */
		455F94BA1EA63CC70050EFFE /* Debug */ = {
			isa = XCBuildConfiguration;
			buildSettings = {
				ALWAYS_SEARCH_USER_PATHS = NO;
				CLANG_ANALYZER_NONNULL = YES;
				CLANG_CXX_LANGUAGE_STANDARD = "gnu++0x";
				CLANG_CXX_LIBRARY = "libc++";
				CLANG_ENABLE_MODULES = YES;
				CLANG_ENABLE_OBJC_ARC = YES;
				CLANG_WARN_BOOL_CONVERSION = YES;
				CLANG_WARN_CONSTANT_CONVERSION = YES;
				CLANG_WARN_DIRECT_OBJC_ISA_USAGE = YES_ERROR;
				CLANG_WARN_DOCUMENTATION_COMMENTS = YES;
				CLANG_WARN_EMPTY_BODY = YES;
				CLANG_WARN_ENUM_CONVERSION = YES;
				CLANG_WARN_INFINITE_RECURSION = YES;
				CLANG_WARN_INT_CONVERSION = YES;
				CLANG_WARN_OBJC_ROOT_CLASS = YES_ERROR;
				CLANG_WARN_SUSPICIOUS_MOVE = YES;
				CLANG_WARN_UNREACHABLE_CODE = YES;
				CLANG_WARN__DUPLICATE_METHOD_MATCH = YES;
				"CODE_SIGN_IDENTITY[sdk=iphoneos*]" = "iPhone Developer";
				COPY_PHASE_STRIP = NO;
				DEBUG_INFORMATION_FORMAT = dwarf;
				ENABLE_STRICT_OBJC_MSGSEND = YES;
				ENABLE_TESTABILITY = YES;
				GCC_C_LANGUAGE_STANDARD = gnu99;
				GCC_DYNAMIC_NO_PIC = NO;
				GCC_NO_COMMON_BLOCKS = YES;
				GCC_OPTIMIZATION_LEVEL = 0;
				GCC_PREPROCESSOR_DEFINITIONS = (
					"DEBUG=1",
					"$(inherited)",
				);
				GCC_WARN_64_TO_32_BIT_CONVERSION = YES;
				GCC_WARN_ABOUT_RETURN_TYPE = YES_ERROR;
				GCC_WARN_UNDECLARED_SELECTOR = YES;
				GCC_WARN_UNINITIALIZED_AUTOS = YES_AGGRESSIVE;
				GCC_WARN_UNUSED_FUNCTION = YES;
				GCC_WARN_UNUSED_VARIABLE = YES;
				IPHONEOS_DEPLOYMENT_TARGET = 10.2;
				MTL_ENABLE_DEBUG_INFO = YES;
				ONLY_ACTIVE_ARCH = YES;
				SDKROOT = iphoneos;
				TARGETED_DEVICE_FAMILY = "1,2";
			};
			name = Debug;
		};
		455F94BB1EA63CC70050EFFE /* Release */ = {
			isa = XCBuildConfiguration;
			buildSettings = {
				ALWAYS_SEARCH_USER_PATHS = NO;
				CLANG_ANALYZER_NONNULL = YES;
				CLANG_CXX_LANGUAGE_STANDARD = "gnu++0x";
				CLANG_CXX_LIBRARY = "libc++";
				CLANG_ENABLE_MODULES = YES;
				CLANG_ENABLE_OBJC_ARC = YES;
				CLANG_WARN_BOOL_CONVERSION = YES;
				CLANG_WARN_CONSTANT_CONVERSION = YES;
				CLANG_WARN_DIRECT_OBJC_ISA_USAGE = YES_ERROR;
				CLANG_WARN_DOCUMENTATION_COMMENTS = YES;
				CLANG_WARN_EMPTY_BODY = YES;
				CLANG_WARN_ENUM_CONVERSION = YES;
				CLANG_WARN_INFINITE_RECURSION = YES;
				CLANG_WARN_INT_CONVERSION = YES;
				CLANG_WARN_OBJC_ROOT_CLASS = YES_ERROR;
				CLANG_WARN_SUSPICIOUS_MOVE = YES;
				CLANG_WARN_UNREACHABLE_CODE = YES;
				CLANG_WARN__DUPLICATE_METHOD_MATCH = YES;
				"CODE_SIGN_IDENTITY[sdk=iphoneos*]" = "iPhone Developer";
				COPY_PHASE_STRIP = NO;
				DEBUG_INFORMATION_FORMAT = "dwarf-with-dsym";
				ENABLE_NS_ASSERTIONS = NO;
				ENABLE_STRICT_OBJC_MSGSEND = YES;
				GCC_C_LANGUAGE_STANDARD = gnu99;
				GCC_NO_COMMON_BLOCKS = YES;
				GCC_WARN_64_TO_32_BIT_CONVERSION = YES;
				GCC_WARN_ABOUT_RETURN_TYPE = YES_ERROR;
				GCC_WARN_UNDECLARED_SELECTOR = YES;
				GCC_WARN_UNINITIALIZED_AUTOS = YES_AGGRESSIVE;
				GCC_WARN_UNUSED_FUNCTION = YES;
				GCC_WARN_UNUSED_VARIABLE = YES;
				IPHONEOS_DEPLOYMENT_TARGET = 10.2;
				MTL_ENABLE_DEBUG_INFO = NO;
				SDKROOT = iphoneos;
				TARGETED_DEVICE_FAMILY = "1,2";
				VALIDATE_PRODUCT = YES;
			};
			name = Release;
		};
		455F94BD1EA63CC70050EFFE /* Debug */ = {
			isa = XCBuildConfiguration;
			baseConfigurationReference = 8077F1AE59CBBE2DD266CBD9 /* Pods-MIST-Demo.debug.xcconfig */;
			buildSettings = {
				ASSETCATALOG_COMPILER_APPICON_NAME = AppIcon;
				DEVELOPMENT_TEAM = 8EZ24DBNN4;
				INFOPLIST_FILE = "MIST-Demo/Info.plist";
				LD_RUNPATH_SEARCH_PATHS = "$(inherited) @executable_path/Frameworks";
				PRODUCT_BUNDLE_IDENTIFIER = "com.vizlab.MIST-Demo";
				PRODUCT_NAME = "$(TARGET_NAME)";
			};
			name = Debug;
		};
		455F94BE1EA63CC70050EFFE /* Release */ = {
			isa = XCBuildConfiguration;
			baseConfigurationReference = B0B27EEA8EB467CC9F77B927 /* Pods-MIST-Demo.release.xcconfig */;
			buildSettings = {
				ASSETCATALOG_COMPILER_APPICON_NAME = AppIcon;
				DEVELOPMENT_TEAM = 8EZ24DBNN4;
				INFOPLIST_FILE = "MIST-Demo/Info.plist";
				LD_RUNPATH_SEARCH_PATHS = "$(inherited) @executable_path/Frameworks";
				PRODUCT_BUNDLE_IDENTIFIER = "com.vizlab.MIST-Demo";
				PRODUCT_NAME = "$(TARGET_NAME)";
			};
			name = Release;
		};
/* End XCBuildConfiguration section */

/* Begin XCConfigurationList section */
		455F94A01EA63CC70050EFFE /* Build configuration list for PBXProject "MIST-Demo" */ = {
			isa = XCConfigurationList;
			buildConfigurations = (
				455F94BA1EA63CC70050EFFE /* Debug */,
				455F94BB1EA63CC70050EFFE /* Release */,
			);
			defaultConfigurationIsVisible = 0;
			defaultConfigurationName = Release;
		};
		455F94BC1EA63CC70050EFFE /* Build configuration list for PBXNativeTarget "MIST-Demo" */ = {
			isa = XCConfigurationList;
			buildConfigurations = (
				455F94BD1EA63CC70050EFFE /* Debug */,
				455F94BE1EA63CC70050EFFE /* Release */,
			);
			defaultConfigurationIsVisible = 0;
			defaultConfigurationName = Release;
		};
/* End XCConfigurationList section */
	};
	rootObject = 455F949D1EA63CC70050EFFE /* Project object */;
}
