// !$*UTF8*$!
{
	archiveVersion = 1;
	classes = {
	};
	objectVersion = 46;
	objects = {

/* Begin PBXBuildFile section */
		455F94AA1EA63CC70050EFFE /* main.m in Sources */ = {isa = PBXBuildFile; fileRef = 455F94A91EA63CC70050EFFE /* main.m */; };
		455F94AD1EA63CC70050EFFE /* AppDelegate.mm in Sources */ = {isa = PBXBuildFile; fileRef = 455F94AC1EA63CC70050EFFE /* AppDelegate.mm */; };
		455F94B01EA63CC70050EFFE /* ViewController.m in Sources */ = {isa = PBXBuildFile; fileRef = 455F94AF1EA63CC70050EFFE /* ViewController.m */; };
		455F94B31EA63CC70050EFFE /* Main.storyboard in Resources */ = {isa = PBXBuildFile; fileRef = 455F94B11EA63CC70050EFFE /* Main.storyboard */; };
		455F94B51EA63CC70050EFFE /* Assets.xcassets in Resources */ = {isa = PBXBuildFile; fileRef = 455F94B41EA63CC70050EFFE /* Assets.xcassets */; };
		455F94B81EA63CC70050EFFE /* LaunchScreen.storyboard in Resources */ = {isa = PBXBuildFile; fileRef = 455F94B61EA63CC70050EFFE /* LaunchScreen.storyboard */; };
		AEAC3D45DB0D7F3CDBD32272 /* libPods-MIST-Demo.a in Frameworks */ = {isa = PBXBuildFile; fileRef = FEABC4C3376B6EEEBF738E8B /* libPods-MIST-Demo.a */; };
/* End PBXBuildFile section */

/* Begin PBXFileReference section */
		455F94A51EA63CC70050EFFE /* MIST-Demo.app */ = {isa = PBXFileReference; explicitFileType = wrapper.application; includeInIndex = 0; path = "MIST-Demo.app"; sourceTree = BUILT_PRODUCTS_DIR; };
		455F94A91EA63CC70050EFFE /* main.m */ = {isa = PBXFileReference; lastKnownFileType = sourcecode.c.objc; path = main.m; sourceTree = "<group>"; };
		455F94AB1EA63CC70050EFFE /* AppDelegate.h */ = {isa = PBXFileReference; lastKnownFileType = sourcecode.c.h; path = AppDelegate.h; sourceTree = "<group>"; };
		455F94AC1EA63CC70050EFFE /* AppDelegate.mm */ = {isa = PBXFileReference; lastKnownFileType = sourcecode.cpp.objcpp; path = AppDelegate.mm; sourceTree = "<group>"; };
		455F94AE1EA63CC70050EFFE /* ViewController.h */ = {isa = PBXFileReference; lastKnownFileType = sourcecode.c.h; path = ViewController.h; sourceTree = "<group>"; };
		455F94AF1EA63CC70050EFFE /* ViewController.m */ = {isa = PBXFileReference; lastKnownFileType = sourcecode.c.objc; path = ViewController.m; sourceTree = "<group>"; };
		455F94B21EA63CC70050EFFE /* Base */ = {isa = PBXFileReference; lastKnownFileType = file.storyboard; name = Base; path = Base.lproj/Main.storyboard; sourceTree = "<group>"; };
		455F94B41EA63CC70050EFFE /* Assets.xcassets */ = {isa = PBXFileReference; lastKnownFileType = folder.assetcatalog; path = Assets.xcassets; sourceTree = "<group>"; };
		455F94B71EA63CC70050EFFE /* Base */ = {isa = PBXFileReference; lastKnownFileType = file.storyboard; name = Base; path = Base.lproj/LaunchScreen.storyboard; sourceTree = "<group>"; };
		455F94B91EA63CC70050EFFE /* Info.plist */ = {isa = PBXFileReference; lastKnownFileType = text.plist.xml; path = Info.plist; sourceTree = "<group>"; };
		8077F1AE59CBBE2DD266CBD9 /* Pods-MIST-Demo.debug.xcconfig */ = {isa = PBXFileReference; includeInIndex = 1; lastKnownFileType = text.xcconfig; name = "Pods-MIST-Demo.debug.xcconfig"; path = "Pods/Target Support Files/Pods-MIST-Demo/Pods-MIST-Demo.debug.xcconfig"; sourceTree = "<group>"; };
		B0B27EEA8EB467CC9F77B927 /* Pods-MIST-Demo.release.xcconfig */ = {isa = PBXFileReference; includeInIndex = 1; lastKnownFileType = text.xcconfig; name = "Pods-MIST-Demo.release.xcconfig"; path = "Pods/Target Support Files/Pods-MIST-Demo/Pods-MIST-Demo.release.xcconfig"; sourceTree = "<group>"; };
		FEABC4C3376B6EEEBF738E8B /* libPods-MIST-Demo.a */ = {isa = PBXFileReference; explicitFileType = archive.ar; includeInIndex = 0; path = "libPods-MIST-Demo.a"; sourceTree = BUILT_PRODUCTS_DIR; };
/* End PBXFileReference section */

/* Begin PBXFrameworksBuildPhase section */
		455F94A21EA63CC70050EFFE /* Frameworks */ = {
			isa = PBXFrameworksBuildPhase;
			buildActionMask = 2147483647;
			files = (
				AEAC3D45DB0D7F3CDBD32272 /* libPods-MIST-Demo.a in Frameworks */,
			);
			runOnlyForDeploymentPostprocessing = 0;
		};
/* End PBXFrameworksBuildPhase section */

/* Begin PBXGroup section */
		455F949C1EA63CC70050EFFE = {
			isa = PBXGroup;
			children = (
				455F94A71EA63CC70050EFFE /* MIST-Demo */,
				455F94A61EA63CC70050EFFE /* Products */,
				79E1EF714B52FA5D977EF24C /* Pods */,
				7BA76CBBA5709791B533BA37 /* Frameworks */,
			);
			sourceTree = "<group>";
		};
		455F94A61EA63CC70050EFFE /* Products */ = {
			isa = PBXGroup;
			children = (
				455F94A51EA63CC70050EFFE /* MIST-Demo.app */,
			);
			name = Products;
			sourceTree = "<group>";
		};
		455F94A71EA63CC70050EFFE /* MIST-Demo */ = {
			isa = PBXGroup;
			children = (
				455F94AB1EA63CC70050EFFE /* AppDelegate.h */,
				455F94AC1EA63CC70050EFFE /* AppDelegate.mm */,
				455F94AE1EA63CC70050EFFE /* ViewController.h */,
				455F94AF1EA63CC70050EFFE /* ViewController.m */,
				455F94B11EA63CC70050EFFE /* Main.storyboard */,
				455F94B41EA63CC70050EFFE /* Assets.xcassets */,
				455F94B61EA63CC70050EFFE /* LaunchScreen.storyboard */,
				455F94B91EA63CC70050EFFE /* Info.plist */,
				455F94A81EA63CC70050EFFE /* Supporting Files */,
			);
			path = "MIST-Demo";
			sourceTree = "<group>";
		};
		455F94A81EA63CC70050EFFE /* Supporting Files */ = {
			isa = PBXGroup;
			children = (
				455F94A91EA63CC70050EFFE /* main.m */,
			);
			name = "Supporting Files";
			sourceTree = "<group>";
		};
		79E1EF714B52FA5D977EF24C /* Pods */ = {
			isa = PBXGroup;
			children = (
				8077F1AE59CBBE2DD266CBD9 /* Pods-MIST-Demo.debug.xcconfig */,
				B0B27EEA8EB467CC9F77B927 /* Pods-MIST-Demo.release.xcconfig */,
			);
			name = Pods;
			sourceTree = "<group>";
		};
		7BA76CBBA5709791B533BA37 /* Frameworks */ = {
			isa = PBXGroup;
			children = (
				FEABC4C3376B6EEEBF738E8B /* libPods-MIST-Demo.a */,
			);
			name = Frameworks;
			sourceTree = "<group>";
		};
/* End PBXGroup section */

/* Begin PBXNativeTarget section */
		455F94A41EA63CC70050EFFE /* MIST-Demo */ = {
			isa = PBXNativeTarget;
			buildConfigurationList = 455F94BC1EA63CC70050EFFE /* Build configuration list for PBXNativeTarget "MIST-Demo" */;
			buildPhases = (
				7E82C816958967514652458D /* [CP] Check Pods Manifest.lock */,
				455F94A11EA63CC70050EFFE /* Sources */,
				455F94A21EA63CC70050EFFE /* Frameworks */,
				455F94A31EA63CC70050EFFE /* Resources */,
				CF93DB04D7F19FC734C49EFE /* [CP] Embed Pods Frameworks */,
				6FDC67CF6981A4E5B284284F /* [CP] Copy Pods Resources */,
			);
			buildRules = (
			);
			dependencies = (
			);
			name = "MIST-Demo";
			productName = "MIST-Demo";
			productReference = 455F94A51EA63CC70050EFFE /* MIST-Demo.app */;
			productType = "com.apple.product-type.application";
		};
/* End PBXNativeTarget section */

/* Begin PBXProject section */
		455F949D1EA63CC70050EFFE /* Project object */ = {
			isa = PBXProject;
			attributes = {
				LastUpgradeCheck = 0820;
				ORGANIZATIONNAME = Vizlab;
				TargetAttributes = {
					455F94A41EA63CC70050EFFE = {
						CreatedOnToolsVersion = 8.2.1;
						DevelopmentTeam = RMP5PV6R6N;
						ProvisioningStyle = Automatic;
					};
				};
			};
			buildConfigurationList = 455F94A01EA63CC70050EFFE /* Build configuration list for PBXProject "MIST-Demo" */;
			compatibilityVersion = "Xcode 3.2";
			developmentRegion = English;
			hasScannedForEncodings = 0;
			knownRegions = (
				en,
				Base,
			);
			mainGroup = 455F949C1EA63CC70050EFFE;
			productRefGroup = 455F94A61EA63CC70050EFFE /* Products */;
			projectDirPath = "";
			projectRoot = "";
			targets = (
				455F94A41EA63CC70050EFFE /* MIST-Demo */,
			);
		};
/* End PBXProject section */

/* Begin PBXResourcesBuildPhase section */
		455F94A31EA63CC70050EFFE /* Resources */ = {
			isa = PBXResourcesBuildPhase;
			buildActionMask = 2147483647;
			files = (
				455F94B81EA63CC70050EFFE /* LaunchScreen.storyboard in Resources */,
				455F94B51EA63CC70050EFFE /* Assets.xcassets in Resources */,
				455F94B31EA63CC70050EFFE /* Main.storyboard in Resources */,
			);
			runOnlyForDeploymentPostprocessing = 0;
		};
/* End PBXResourcesBuildPhase section */

/* Begin PBXShellScriptBuildPhase section */
		6FDC67CF6981A4E5B284284F /* [CP] Copy Pods Resources */ = {
			isa = PBXShellScriptBuildPhase;
			buildActionMask = 2147483647;
			files = (
			);
			inputPaths = (
			);
			name = "[CP] Copy Pods Resources";
			outputPaths = (
			);
			runOnlyForDeploymentPostprocessing = 0;
			shellPath = /bin/sh;
			shellScript = "\"${SRCROOT}/Pods/Target Support Files/Pods-MIST-Demo/Pods-MIST-Demo-resources.sh\"\n";
			showEnvVarsInLog = 0;
		};
		7E82C816958967514652458D /* [CP] Check Pods Manifest.lock */ = {
			isa = PBXShellScriptBuildPhase;
			buildActionMask = 2147483647;
			files = (
			);
			inputPaths = (
			);
			name = "[CP] Check Pods Manifest.lock";
			outputPaths = (
			);
			runOnlyForDeploymentPostprocessing = 0;
			shellPath = /bin/sh;
			shellScript = "diff \"${PODS_PODFILE_DIR_PATH}/Podfile.lock\" \"${PODS_ROOT}/Manifest.lock\" > /dev/null\nif [ $? != 0 ] ; then\n    # print error to STDERR\n    echo \"error: The sandbox is not in sync with the Podfile.lock. Run 'pod install' or update your CocoaPods installation.\" >&2\n    exit 1\nfi\n";
			showEnvVarsInLog = 0;
		};
		CF93DB04D7F19FC734C49EFE /* [CP] Embed Pods Frameworks */ = {
			isa = PBXShellScriptBuildPhase;
			buildActionMask = 2147483647;
			files = (
			);
			inputPaths = (
			);
			name = "[CP] Embed Pods Frameworks";
			outputPaths = (
			);
			runOnlyForDeploymentPostprocessing = 0;
			shellPath = /bin/sh;
			shellScript = "\"${SRCROOT}/Pods/Target Support Files/Pods-MIST-Demo/Pods-MIST-Demo-frameworks.sh\"\n";
			showEnvVarsInLog = 0;
		};
/* End PBXShellScriptBuildPhase section */

/* Begin PBXSourcesBuildPhase section */
		455F94A11EA63CC70050EFFE /* Sources */ = {
			isa = PBXSourcesBuildPhase;
			buildActionMask = 2147483647;
			files = (
				455F94B01EA63CC70050EFFE /* ViewController.m in Sources */,
				455F94AD1EA63CC70050EFFE /* AppDelegate.mm in Sources */,
				455F94AA1EA63CC70050EFFE /* main.m in Sources */,
			);
			runOnlyForDeploymentPostprocessing = 0;
		};
/* End PBXSourcesBuildPhase section */

/* Begin PBXVariantGroup section */
		455F94B11EA63CC70050EFFE /* Main.storyboard */ = {
			isa = PBXVariantGroup;
			children = (
				455F94B21EA63CC70050EFFE /* Base */,
			);
			name = Main.storyboard;
			sourceTree = "<group>";
		};
		455F94B61EA63CC70050EFFE /* LaunchScreen.storyboard */ = {
			isa = PBXVariantGroup;
			children = (
				455F94B71EA63CC70050EFFE /* Base */,
			);
			name = LaunchScreen.storyboard;
			sourceTree = "<group>";
		};
/* End PBXVariantGroup section */

/* Begin XCBuildConfiguration section */
		455F94BA1EA63CC70050EFFE /* Debug */ = {
			isa = XCBuildConfiguration;
			buildSettings = {
				ALWAYS_SEARCH_USER_PATHS = NO;
				CLANG_ANALYZER_NONNULL = YES;
				CLANG_CXX_LANGUAGE_STANDARD = "gnu++0x";
				CLANG_CXX_LIBRARY = "libc++";
				CLANG_ENABLE_MODULES = YES;
				CLANG_ENABLE_OBJC_ARC = YES;
				CLANG_WARN_BOOL_CONVERSION = YES;
				CLANG_WARN_CONSTANT_CONVERSION = YES;
				CLANG_WARN_DIRECT_OBJC_ISA_USAGE = YES_ERROR;
				CLANG_WARN_DOCUMENTATION_COMMENTS = YES;
				CLANG_WARN_EMPTY_BODY = YES;
				CLANG_WARN_ENUM_CONVERSION = YES;
				CLANG_WARN_INFINITE_RECURSION = YES;
				CLANG_WARN_INT_CONVERSION = YES;
				CLANG_WARN_OBJC_ROOT_CLASS = YES_ERROR;
				CLANG_WARN_SUSPICIOUS_MOVE = YES;
				CLANG_WARN_UNREACHABLE_CODE = YES;
				CLANG_WARN__DUPLICATE_METHOD_MATCH = YES;
				"CODE_SIGN_IDENTITY[sdk=iphoneos*]" = "iPhone Developer";
				COPY_PHASE_STRIP = NO;
				DEBUG_INFORMATION_FORMAT = dwarf;
				ENABLE_STRICT_OBJC_MSGSEND = YES;
				ENABLE_TESTABILITY = YES;
				GCC_C_LANGUAGE_STANDARD = gnu99;
				GCC_DYNAMIC_NO_PIC = NO;
				GCC_NO_COMMON_BLOCKS = YES;
				GCC_OPTIMIZATION_LEVEL = 0;
				GCC_PREPROCESSOR_DEFINITIONS = (
					"DEBUG=1",
					"$(inherited)",
				);
				GCC_WARN_64_TO_32_BIT_CONVERSION = YES;
				GCC_WARN_ABOUT_RETURN_TYPE = YES_ERROR;
				GCC_WARN_UNDECLARED_SELECTOR = YES;
				GCC_WARN_UNINITIALIZED_AUTOS = YES_AGGRESSIVE;
				GCC_WARN_UNUSED_FUNCTION = YES;
				GCC_WARN_UNUSED_VARIABLE = YES;
				IPHONEOS_DEPLOYMENT_TARGET = 10.2;
				MTL_ENABLE_DEBUG_INFO = YES;
				ONLY_ACTIVE_ARCH = YES;
				SDKROOT = iphoneos;
				TARGETED_DEVICE_FAMILY = "1,2";
			};
			name = Debug;
		};
		455F94BB1EA63CC70050EFFE /* Release */ = {
			isa = XCBuildConfiguration;
			buildSettings = {
				ALWAYS_SEARCH_USER_PATHS = NO;
				CLANG_ANALYZER_NONNULL = YES;
				CLANG_CXX_LANGUAGE_STANDARD = "gnu++0x";
				CLANG_CXX_LIBRARY = "libc++";
				CLANG_ENABLE_MODULES = YES;
				CLANG_ENABLE_OBJC_ARC = YES;
				CLANG_WARN_BOOL_CONVERSION = YES;
				CLANG_WARN_CONSTANT_CONVERSION = YES;
				CLANG_WARN_DIRECT_OBJC_ISA_USAGE = YES_ERROR;
				CLANG_WARN_DOCUMENTATION_COMMENTS = YES;
				CLANG_WARN_EMPTY_BODY = YES;
				CLANG_WARN_ENUM_CONVERSION = YES;
				CLANG_WARN_INFINITE_RECURSION = YES;
				CLANG_WARN_INT_CONVERSION = YES;
				CLANG_WARN_OBJC_ROOT_CLASS = YES_ERROR;
				CLANG_WARN_SUSPICIOUS_MOVE = YES;
				CLANG_WARN_UNREACHABLE_CODE = YES;
				CLANG_WARN__DUPLICATE_METHOD_MATCH = YES;
				"CODE_SIGN_IDENTITY[sdk=iphoneos*]" = "iPhone Developer";
				COPY_PHASE_STRIP = NO;
				DEBUG_INFORMATION_FORMAT = "dwarf-with-dsym";
				ENABLE_NS_ASSERTIONS = NO;
				ENABLE_STRICT_OBJC_MSGSEND = YES;
				GCC_C_LANGUAGE_STANDARD = gnu99;
				GCC_NO_COMMON_BLOCKS = YES;
				GCC_WARN_64_TO_32_BIT_CONVERSION = YES;
				GCC_WARN_ABOUT_RETURN_TYPE = YES_ERROR;
				GCC_WARN_UNDECLARED_SELECTOR = YES;
				GCC_WARN_UNINITIALIZED_AUTOS = YES_AGGRESSIVE;
				GCC_WARN_UNUSED_FUNCTION = YES;
				GCC_WARN_UNUSED_VARIABLE = YES;
				IPHONEOS_DEPLOYMENT_TARGET = 10.2;
				MTL_ENABLE_DEBUG_INFO = NO;
				SDKROOT = iphoneos;
				TARGETED_DEVICE_FAMILY = "1,2";
				VALIDATE_PRODUCT = YES;
			};
			name = Release;
		};
		455F94BD1EA63CC70050EFFE /* Debug */ = {
			isa = XCBuildConfiguration;
			baseConfigurationReference = 8077F1AE59CBBE2DD266CBD9 /* Pods-MIST-Demo.debug.xcconfig */;
			buildSettings = {
				ASSETCATALOG_COMPILER_APPICON_NAME = AppIcon;
				DEVELOPMENT_TEAM = RMP5PV6R6N;
				INFOPLIST_FILE = "MIST-Demo/Info.plist";
				LD_RUNPATH_SEARCH_PATHS = "$(inherited) @executable_path/Frameworks";
				PRODUCT_BUNDLE_IDENTIFIER = "com.vizlab.MIST-Demo";
				PRODUCT_NAME = "$(TARGET_NAME)";
			};
			name = Debug;
		};
		455F94BE1EA63CC70050EFFE /* Release */ = {
			isa = XCBuildConfiguration;
			baseConfigurationReference = B0B27EEA8EB467CC9F77B927 /* Pods-MIST-Demo.release.xcconfig */;
			buildSettings = {
				ASSETCATALOG_COMPILER_APPICON_NAME = AppIcon;
				DEVELOPMENT_TEAM = RMP5PV6R6N;
				INFOPLIST_FILE = "MIST-Demo/Info.plist";
				LD_RUNPATH_SEARCH_PATHS = "$(inherited) @executable_path/Frameworks";
				PRODUCT_BUNDLE_IDENTIFIER = "com.vizlab.MIST-Demo";
				PRODUCT_NAME = "$(TARGET_NAME)";
			};
			name = Release;
		};
/* End XCBuildConfiguration section */

/* Begin XCConfigurationList section */
		455F94A01EA63CC70050EFFE /* Build configuration list for PBXProject "MIST-Demo" */ = {
			isa = XCConfigurationList;
			buildConfigurations = (
				455F94BA1EA63CC70050EFFE /* Debug */,
				455F94BB1EA63CC70050EFFE /* Release */,
			);
			defaultConfigurationIsVisible = 0;
			defaultConfigurationName = Release;
		};
		455F94BC1EA63CC70050EFFE /* Build configuration list for PBXNativeTarget "MIST-Demo" */ = {
			isa = XCConfigurationList;
			buildConfigurations = (
				455F94BD1EA63CC70050EFFE /* Debug */,
				455F94BE1EA63CC70050EFFE /* Release */,
			);
			defaultConfigurationIsVisible = 0;
			defaultConfigurationName = Release;
		};
/* End XCConfigurationList section */
	};
	rootObject = 455F949D1EA63CC70050EFFE /* Project object */;
}
